<?xml version="1.0" encoding="utf-8"?>
<Project ToolsVersion="4.0" xmlns="http://schemas.microsoft.com/developer/msbuild/2003">
  <ItemGroup>
    <Filter Include="Исходные файлы">
      <UniqueIdentifier>{4FC737F1-C7A5-4376-A066-2A32D752A2FF}</UniqueIdentifier>
      <Extensions>cpp;c;cc;cxx;c++;cppm;ixx;def;odl;idl;hpj;bat;asm;asmx</Extensions>
    </Filter>
    <Filter Include="Файлы заголовков">
      <UniqueIdentifier>{93995380-89BD-4b04-88EB-625FBE52EBFB}</UniqueIdentifier>
      <Extensions>h;hh;hpp;hxx;h++;hm;inl;inc;ipp;xsd</Extensions>
    </Filter>
    <Filter Include="Файлы ресурсов">
      <UniqueIdentifier>{67DA6AB6-F800-4c08-8B7A-83BB121AAD01}</UniqueIdentifier>
      <Extensions>rc;ico;cur;bmp;dlg;rc2;rct;bin;rgs;gif;jpg;jpeg;jpe;resx;tiff;tif;png;wav;mfcribbon-ms</Extensions>
    </Filter>
  </ItemGroup>
  <ItemGroup>
    <ClCompile Include="main.cpp">
      <Filter>Исходные файлы</Filter>
    </ClCompile>
    <ClCompile Include="tableTopic.cpp">
      <Filter>Файлы ресурсов</Filter>
    </ClCompile>
    <ClCompile Include="TCPSocket.cpp">
      <Filter>Файлы ресурсов</Filter>
    </ClCompile>
    <ClCompile Include="rapidjson-master\example\archiver\archiver.cpp">
      <Filter>Файлы ресурсов</Filter>
    </ClCompile>
    <ClCompile Include="rapidjson-master\example\archiver\archivertest.cpp">
      <Filter>Файлы ресурсов</Filter>
    </ClCompile>
    <ClCompile Include="rapidjson-master\example\capitalize\capitalize.cpp">
      <Filter>Файлы ресурсов</Filter>
    </ClCompile>
    <ClCompile Include="rapidjson-master\example\condense\condense.cpp">
      <Filter>Файлы ресурсов</Filter>
    </ClCompile>
    <ClCompile Include="rapidjson-master\example\filterkey\filterkey.cpp">
      <Filter>Файлы ресурсов</Filter>
    </ClCompile>
    <ClCompile Include="rapidjson-master\example\filterkeydom\filterkeydom.cpp">
      <Filter>Файлы ресурсов</Filter>
    </ClCompile>
    <ClCompile Include="rapidjson-master\example\jsonx\jsonx.cpp">
      <Filter>Файлы ресурсов</Filter>
    </ClCompile>
    <ClCompile Include="rapidjson-master\example\lookaheadparser\lookaheadparser.cpp">
      <Filter>Файлы ресурсов</Filter>
    </ClCompile>
    <ClCompile Include="rapidjson-master\example\messagereader\messagereader.cpp">
      <Filter>Файлы ресурсов</Filter>
    </ClCompile>
    <ClCompile Include="rapidjson-master\example\parsebyparts\parsebyparts.cpp">
      <Filter>Файлы ресурсов</Filter>
    </ClCompile>
    <ClCompile Include="rapidjson-master\example\pretty\pretty.cpp">
      <Filter>Файлы ресурсов</Filter>
    </ClCompile>
    <ClCompile Include="rapidjson-master\example\prettyauto\prettyauto.cpp">
      <Filter>Файлы ресурсов</Filter>
    </ClCompile>
    <ClCompile Include="rapidjson-master\example\schemavalidator\schemavalidator.cpp">
      <Filter>Файлы ресурсов</Filter>
    </ClCompile>
    <ClCompile Include="rapidjson-master\example\serialize\serialize.cpp">
      <Filter>Файлы ресурсов</Filter>
    </ClCompile>
    <ClCompile Include="rapidjson-master\example\simpledom\simpledom.cpp">
      <Filter>Файлы ресурсов</Filter>
    </ClCompile>
    <ClCompile Include="rapidjson-master\example\simplepullreader\simplepullreader.cpp">
      <Filter>Файлы ресурсов</Filter>
    </ClCompile>
    <ClCompile Include="rapidjson-master\example\simplereader\simplereader.cpp">
      <Filter>Файлы ресурсов</Filter>
    </ClCompile>
    <ClCompile Include="rapidjson-master\example\simplewriter\simplewriter.cpp">
      <Filter>Файлы ресурсов</Filter>
    </ClCompile>
    <ClCompile Include="rapidjson-master\example\sortkeys\sortkeys.cpp">
      <Filter>Файлы ресурсов</Filter>
    </ClCompile>
    <ClCompile Include="rapidjson-master\example\tutorial\tutorial.cpp">
      <Filter>Файлы ресурсов</Filter>
    </ClCompile>
    <ClCompile Include="rapidjson-master\test\perftest\misctest.cpp">
      <Filter>Файлы ресурсов</Filter>
    </ClCompile>
    <ClCompile Include="rapidjson-master\test\perftest\perftest.cpp">
      <Filter>Файлы ресурсов</Filter>
    </ClCompile>
    <ClCompile Include="rapidjson-master\test\perftest\platformtest.cpp">
      <Filter>Файлы ресурсов</Filter>
    </ClCompile>
    <ClCompile Include="rapidjson-master\test\perftest\rapidjsontest.cpp">
      <Filter>Файлы ресурсов</Filter>
    </ClCompile>
    <ClCompile Include="rapidjson-master\test\perftest\schematest.cpp">
      <Filter>Файлы ресурсов</Filter>
    </ClCompile>
    <ClCompile Include="rapidjson-master\test\unittest\allocatorstest.cpp">
      <Filter>Файлы ресурсов</Filter>
    </ClCompile>
    <ClCompile Include="rapidjson-master\test\unittest\bigintegertest.cpp">
      <Filter>Файлы ресурсов</Filter>
    </ClCompile>
    <ClCompile Include="rapidjson-master\test\unittest\clzlltest.cpp">
      <Filter>Файлы ресурсов</Filter>
    </ClCompile>
    <ClCompile Include="rapidjson-master\test\unittest\cursorstreamwrappertest.cpp">
      <Filter>Файлы ресурсов</Filter>
    </ClCompile>
    <ClCompile Include="rapidjson-master\test\unittest\documenttest.cpp">
      <Filter>Файлы ресурсов</Filter>
    </ClCompile>
    <ClCompile Include="rapidjson-master\test\unittest\dtoatest.cpp">
      <Filter>Файлы ресурсов</Filter>
    </ClCompile>
    <ClCompile Include="rapidjson-master\test\unittest\encodedstreamtest.cpp">
      <Filter>Файлы ресурсов</Filter>
    </ClCompile>
    <ClCompile Include="rapidjson-master\test\unittest\encodingstest.cpp">
      <Filter>Файлы ресурсов</Filter>
    </ClCompile>
    <ClCompile Include="rapidjson-master\test\unittest\filestreamtest.cpp">
      <Filter>Файлы ресурсов</Filter>
    </ClCompile>
    <ClCompile Include="rapidjson-master\test\unittest\fwdtest.cpp">
      <Filter>Файлы ресурсов</Filter>
    </ClCompile>
    <ClCompile Include="rapidjson-master\test\unittest\istreamwrappertest.cpp">
      <Filter>Файлы ресурсов</Filter>
    </ClCompile>
    <ClCompile Include="rapidjson-master\test\unittest\itoatest.cpp">
      <Filter>Файлы ресурсов</Filter>
    </ClCompile>
    <ClCompile Include="rapidjson-master\test\unittest\jsoncheckertest.cpp">
      <Filter>Файлы ресурсов</Filter>
    </ClCompile>
    <ClCompile Include="rapidjson-master\test\unittest\namespacetest.cpp">
      <Filter>Файлы ресурсов</Filter>
    </ClCompile>
    <ClCompile Include="rapidjson-master\test\unittest\ostreamwrappertest.cpp">
      <Filter>Файлы ресурсов</Filter>
    </ClCompile>
    <ClCompile Include="rapidjson-master\test\unittest\pointertest.cpp">
      <Filter>Файлы ресурсов</Filter>
    </ClCompile>
    <ClCompile Include="rapidjson-master\test\unittest\prettywritertest.cpp">
      <Filter>Файлы ресурсов</Filter>
    </ClCompile>
    <ClCompile Include="rapidjson-master\test\unittest\readertest.cpp">
      <Filter>Файлы ресурсов</Filter>
    </ClCompile>
    <ClCompile Include="rapidjson-master\test\unittest\regextest.cpp">
      <Filter>Файлы ресурсов</Filter>
    </ClCompile>
    <ClCompile Include="rapidjson-master\test\unittest\schematest.cpp">
      <Filter>Файлы ресурсов</Filter>
    </ClCompile>
    <ClCompile Include="rapidjson-master\test\unittest\simdtest.cpp">
      <Filter>Файлы ресурсов</Filter>
    </ClCompile>
    <ClCompile Include="rapidjson-master\test\unittest\strfunctest.cpp">
      <Filter>Файлы ресурсов</Filter>
    </ClCompile>
    <ClCompile Include="rapidjson-master\test\unittest\stringbuffertest.cpp">
      <Filter>Файлы ресурсов</Filter>
    </ClCompile>
    <ClCompile Include="rapidjson-master\test\unittest\strtodtest.cpp">
      <Filter>Файлы ресурсов</Filter>
    </ClCompile>
    <ClCompile Include="rapidjson-master\test\unittest\unittest.cpp">
      <Filter>Файлы ресурсов</Filter>
    </ClCompile>
    <ClCompile Include="rapidjson-master\test\unittest\valuetest.cpp">
      <Filter>Файлы ресурсов</Filter>
    </ClCompile>
    <ClCompile Include="rapidjson-master\test\unittest\writertest.cpp">
      <Filter>Файлы ресурсов</Filter>
    </ClCompile>
  </ItemGroup>
  <ItemGroup>
    <ClInclude Include="TCPSocket.hpp">
      <Filter>Файлы заголовков</Filter>
    </ClInclude>
    <ClInclude Include="tableTopic.hpp">
      <Filter>Файлы заголовков</Filter>
    </ClInclude>
    <ClInclude Include="rapidjson-master\example\archiver\archiver.h">
      <Filter>Файлы ресурсов</Filter>
    </ClInclude>
    <ClInclude Include="rapidjson-master\include\rapidjson\allocators.h">
      <Filter>Файлы ресурсов</Filter>
    </ClInclude>
    <ClInclude Include="rapidjson-master\include\rapidjson\cursorstreamwrapper.h">
      <Filter>Файлы ресурсов</Filter>
    </ClInclude>
    <ClInclude Include="rapidjson-master\include\rapidjson\document.h">
      <Filter>Файлы ресурсов</Filter>
    </ClInclude>
    <ClInclude Include="rapidjson-master\include\rapidjson\encodedstream.h">
      <Filter>Файлы ресурсов</Filter>
    </ClInclude>
    <ClInclude Include="rapidjson-master\include\rapidjson\encodings.h">
      <Filter>Файлы ресурсов</Filter>
    </ClInclude>
    <ClInclude Include="rapidjson-master\include\rapidjson\error\en.h">
      <Filter>Файлы ресурсов</Filter>
    </ClInclude>
    <ClInclude Include="rapidjson-master\include\rapidjson\error\error.h">
      <Filter>Файлы ресурсов</Filter>
    </ClInclude>
    <ClInclude Include="rapidjson-master\include\rapidjson\filereadstream.h">
      <Filter>Файлы ресурсов</Filter>
    </ClInclude>
    <ClInclude Include="rapidjson-master\include\rapidjson\filewritestream.h">
      <Filter>Файлы ресурсов</Filter>
    </ClInclude>
    <ClInclude Include="rapidjson-master\include\rapidjson\fwd.h">
      <Filter>Файлы ресурсов</Filter>
    </ClInclude>
    <ClInclude Include="rapidjson-master\include\rapidjson\internal\biginteger.h">
      <Filter>Файлы ресурсов</Filter>
    </ClInclude>
    <ClInclude Include="rapidjson-master\include\rapidjson\internal\clzll.h">
      <Filter>Файлы ресурсов</Filter>
    </ClInclude>
    <ClInclude Include="rapidjson-master\include\rapidjson\internal\diyfp.h">
      <Filter>Файлы ресурсов</Filter>
    </ClInclude>
    <ClInclude Include="rapidjson-master\include\rapidjson\internal\dtoa.h">
      <Filter>Файлы ресурсов</Filter>
    </ClInclude>
    <ClInclude Include="rapidjson-master\include\rapidjson\internal\ieee754.h">
      <Filter>Файлы ресурсов</Filter>
    </ClInclude>
    <ClInclude Include="rapidjson-master\include\rapidjson\internal\itoa.h">
      <Filter>Файлы ресурсов</Filter>
    </ClInclude>
    <ClInclude Include="rapidjson-master\include\rapidjson\internal\meta.h">
      <Filter>Файлы ресурсов</Filter>
    </ClInclude>
    <ClInclude Include="rapidjson-master\include\rapidjson\internal\pow10.h">
      <Filter>Файлы ресурсов</Filter>
    </ClInclude>
    <ClInclude Include="rapidjson-master\include\rapidjson\internal\regex.h">
      <Filter>Файлы ресурсов</Filter>
    </ClInclude>
    <ClInclude Include="rapidjson-master\include\rapidjson\internal\stack.h">
      <Filter>Файлы ресурсов</Filter>
    </ClInclude>
    <ClInclude Include="rapidjson-master\include\rapidjson\internal\strfunc.h">
      <Filter>Файлы ресурсов</Filter>
    </ClInclude>
    <ClInclude Include="rapidjson-master\include\rapidjson\internal\strtod.h">
      <Filter>Файлы ресурсов</Filter>
    </ClInclude>
    <ClInclude Include="rapidjson-master\include\rapidjson\internal\swap.h">
      <Filter>Файлы ресурсов</Filter>
    </ClInclude>
    <ClInclude Include="rapidjson-master\include\rapidjson\istreamwrapper.h">
      <Filter>Файлы ресурсов</Filter>
    </ClInclude>
    <ClInclude Include="rapidjson-master\include\rapidjson\memorybuffer.h">
      <Filter>Файлы ресурсов</Filter>
    </ClInclude>
    <ClInclude Include="rapidjson-master\include\rapidjson\memorystream.h">
      <Filter>Файлы ресурсов</Filter>
    </ClInclude>
    <ClInclude Include="rapidjson-master\include\rapidjson\msinttypes\inttypes.h">
      <Filter>Файлы ресурсов</Filter>
    </ClInclude>
    <ClInclude Include="rapidjson-master\include\rapidjson\msinttypes\stdint.h">
      <Filter>Файлы ресурсов</Filter>
    </ClInclude>
    <ClInclude Include="rapidjson-master\include\rapidjson\ostreamwrapper.h">
      <Filter>Файлы ресурсов</Filter>
    </ClInclude>
    <ClInclude Include="rapidjson-master\include\rapidjson\pointer.h">
      <Filter>Файлы ресурсов</Filter>
    </ClInclude>
    <ClInclude Include="rapidjson-master\include\rapidjson\prettywriter.h">
      <Filter>Файлы ресурсов</Filter>
    </ClInclude>
    <ClInclude Include="rapidjson-master\include\rapidjson\rapidjson.h">
      <Filter>Файлы ресурсов</Filter>
    </ClInclude>
    <ClInclude Include="rapidjson-master\include\rapidjson\reader.h">
      <Filter>Файлы ресурсов</Filter>
    </ClInclude>
    <ClInclude Include="rapidjson-master\include\rapidjson\schema.h">
      <Filter>Файлы ресурсов</Filter>
    </ClInclude>
    <ClInclude Include="rapidjson-master\include\rapidjson\stream.h">
      <Filter>Файлы ресурсов</Filter>
    </ClInclude>
    <ClInclude Include="rapidjson-master\include\rapidjson\stringbuffer.h">
      <Filter>Файлы ресурсов</Filter>
    </ClInclude>
    <ClInclude Include="rapidjson-master\include\rapidjson\writer.h">
      <Filter>Файлы ресурсов</Filter>
    </ClInclude>
    <ClInclude Include="rapidjson-master\test\perftest\perftest.h">
      <Filter>Файлы ресурсов</Filter>
    </ClInclude>
    <ClInclude Include="rapidjson-master\test\unittest\unittest.h">
      <Filter>Файлы ресурсов</Filter>
    </ClInclude>
  </ItemGroup>
  <ItemGroup>
    <None Include="packages.config" />
    <None Include="rapidjson-master\doc\misc\footer.html">
      <Filter>Файлы ресурсов</Filter>
    </None>
    <None Include="rapidjson-master\doc\misc\header.html">
      <Filter>Файлы ресурсов</Filter>
    </None>
  </ItemGroup>
</Project>